
Microsoft Visual Studio Solution File, Format Version 12.00
# Visual Studio Version 17
VisualStudioVersion = 17.14.36623.8
MinimumVisualStudioVersion = 10.0.40219.1
Project("{FAE04EC0-301F-11D3-BF4B-00C04F79EFBC}") = "QuanLyQuanBida.UI", "QuanLyQuanBida.UI\QuanLyQuanBida.UI.csproj", "{7CF1EEFD-AFEA-45DC-8A3B-F915550D7103}"
EndProject
Project("{FAE04EC0-301F-11D3-BF4B-00C04F79EFBC}") = "QuanLyQuanBida.Core", "QuanLyQuanBida.Core\QuanLyQuanBida.Core.csproj", "{6CC3871E-30DC-4095-9795-9D711AC27E80}"
EndProject
Project("{FAE04EC0-301F-11D3-BF4B-00C04F79EFBC}") = "QuanLyQuanBida.Application", "QuanLyQuanBida.Application\QuanLyQuanBida.Application.csproj", "{CF8A212C-2399-4486-B654-C9C0861D64F8}"
EndProject
Project("{FAE04EC0-301F-11D3-BF4B-00C04F79EFBC}") = "QuanLyQuanBida.Infrastructure", "QuanLyQuanBida.Infrastructure\QuanLyQuanBida.Infrastructure.csproj", "{84872089-8153-4878-A3BB-55A5A084C729}"
EndProject
Project("{FAE04EC0-301F-11D3-BF4B-00C04F79EFBC}") = "QuanLyQuanBida.Tests", "QuanLyQuanBida.Tests\QuanLyQuanBida.Tests.csproj", "{311F3D95-8001-41D4-8F8A-C874D20E1A00}"
EndProject
Global
	GlobalSection(SolutionConfigurationPlatforms) = preSolution
		Debug|Any CPU = Debug|Any CPU
		Release|Any CPU = Release|Any CPU
	EndGlobalSection
	GlobalSection(ProjectConfigurationPlatforms) = postSolution
		{7CF1EEFD-AFEA-45DC-8A3B-F915550D7103}.Debug|Any CPU.ActiveCfg = Debug|Any CPU
		{7CF1EEFD-AFEA-45DC-8A3B-F915550D7103}.Debug|Any CPU.Build.0 = Debug|Any CPU
		{7CF1EEFD-AFEA-45DC-8A3B-F915550D7103}.Release|Any CPU.ActiveCfg = Release|Any CPU
		{7CF1EEFD-AFEA-45DC-8A3B-F915550D7103}.Release|Any CPU.Build.0 = Release|Any CPU
		{6CC3871E-30DC-4095-9795-9D711AC27E80}.Debug|Any CPU.ActiveCfg = Debug|Any CPU
		{6CC3871E-30DC-4095-9795-9D711AC27E80}.Debug|Any CPU.Build.0 = Debug|Any CPU
		{6CC3871E-30DC-4095-9795-9D711AC27E80}.Release|Any CPU.ActiveCfg = Release|Any CPU
		{6CC3871E-30DC-4095-9795-9D711AC27E80}.Release|Any CPU.Build.0 = Release|Any CPU
		{CF8A212C-2399-4486-B654-C9C0861D64F8}.Debug|Any CPU.ActiveCfg = Debug|Any CPU
		{CF8A212C-2399-4486-B654-C9C0861D64F8}.Debug|Any CPU.Build.0 = Debug|Any CPU
		{CF8A212C-2399-4486-B654-C9C0861D64F8}.Release|Any CPU.ActiveCfg = Release|Any CPU
		{CF8A212C-2399-4486-B654-C9C0861D64F8}.Release|Any CPU.Build.0 = Release|Any CPU
		{84872089-8153-4878-A3BB-55A5A084C729}.Debug|Any CPU.ActiveCfg = Debug|Any CPU
		{84872089-8153-4878-A3BB-55A5A084C729}.Debug|Any CPU.Build.0 = Debug|Any CPU
		{84872089-8153-4878-A3BB-55A5A084C729}.Release|Any CPU.ActiveCfg = Release|Any CPU
		{84872089-8153-4878-A3BB-55A5A084C729}.Release|Any CPU.Build.0 = Release|Any CPU
		{311F3D95-8001-41D4-8F8A-C874D20E1A00}.Debug|Any CPU.ActiveCfg = Debug|Any CPU
		{311F3D95-8001-41D4-8F8A-C874D20E1A00}.Debug|Any CPU.Build.0 = Debug|Any CPU
		{311F3D95-8001-41D4-8F8A-C874D20E1A00}.Release|Any CPU.ActiveCfg = Release|Any CPU
		{311F3D95-8001-41D4-8F8A-C874D20E1A00}.Release|Any CPU.Build.0 = Release|Any CPU
	EndGlobalSection
	GlobalSection(SolutionProperties) = preSolution
		HideSolutionNode = FALSE
	EndGlobalSection
	GlobalSection(ExtensibilityGlobals) = postSolution
		SolutionGuid = {35C18291-65B9-4137-838C-6208CDF57473}
	EndGlobalSection
EndGlobal
